
Microsoft Visual Studio Solution File, Format Version 12.00
# Visual Studio 14
VisualStudioVersion = 14.0.25420.1
MinimumVisualStudioVersion = 10.0.40219.1
Project("{FAE04EC0-301F-11D3-BF4B-00C04F79EFBC}") = "Grades", "Grades\Grades.csproj", "{CCF5357A-C036-470F-BC38-A76E695277EA}"
EndProject
Project("{FAE04EC0-301F-11D3-BF4B-00C04F79EFBC}") = "Grade.UnitTests", "Grade.UnitTests\Grade.UnitTests.csproj", "{191097F2-D0A1-4CEA-8686-5CC44F43B6B3}"
EndProject
Global
	GlobalSection(SolutionConfigurationPlatforms) = preSolution
		Debug|Any CPU = Debug|Any CPU
		Release|Any CPU = Release|Any CPU
	EndGlobalSection
	GlobalSection(ProjectConfigurationPlatforms) = postSolution
		{CCF5357A-C036-470F-BC38-A76E695277EA}.Debug|Any CPU.ActiveCfg = Debug|Any CPU
		{CCF5357A-C036-470F-BC38-A76E695277EA}.Debug|Any CPU.Build.0 = Debug|Any CPU
		{CCF5357A-C036-470F-BC38-A76E695277EA}.Release|Any CPU.ActiveCfg = Release|Any CPU
		{CCF5357A-C036-470F-BC38-A76E695277EA}.Release|Any CPU.Build.0 = Release|Any CPU
		{191097F2-D0A1-4CEA-8686-5CC44F43B6B3}.Debug|Any CPU.ActiveCfg = Debug|Any CPU
		{191097F2-D0A1-4CEA-8686-5CC44F43B6B3}.Debug|Any CPU.Build.0 = Debug|Any CPU
		{191097F2-D0A1-4CEA-8686-5CC44F43B6B3}.Release|Any CPU.ActiveCfg = Release|Any CPU
		{191097F2-D0A1-4CEA-8686-5CC44F43B6B3}.Release|Any CPU.Build.0 = Release|Any CPU
	EndGlobalSection
	GlobalSection(SolutionProperties) = preSolution
		HideSolutionNode = FALSE
	EndGlobalSection
EndGlobal
