
Microsoft Visual Studio Solution File, Format Version 12.00
# Visual Studio 2013
VisualStudioVersion = 12.0.21005.1
MinimumVisualStudioVersion = 10.0.40219.1
Project("{2150E333-8FDC-42A3-9474-1A3956D46DE8}") = ".nuget", ".nuget", "{BF2821A2-2E4F-4237-A5BF-834F05B1F661}"
	ProjectSection(SolutionItems) = preProject
		.nuget\packages.config = .nuget\packages.config
	EndProjectSection
EndProject
Project("{FAE04EC0-301F-11D3-BF4B-00C04F79EFBC}") = "SpecflowUnitTests", "SpecflowUnitTests\SpecflowUnitTests.csproj", "{7C201E29-2FF7-4EE2-BF7C-18A8CBF128AB}"
EndProject
Project("{FAE04EC0-301F-11D3-BF4B-00C04F79EFBC}") = "TestApp", "TestApp\TestApp.csproj", "{2314F848-8D7D-4F50-8EFA-241A231AD253}"
EndProject
Global
	GlobalSection(SolutionConfigurationPlatforms) = preSolution
		Debug|Any CPU = Debug|Any CPU
		Debug|ARM = Debug|ARM
		Debug|Mixed Platforms = Debug|Mixed Platforms
		Debug|Win32 = Debug|Win32
		Debug|x64 = Debug|x64
		Debug|x86 = Debug|x86
		Release|Any CPU = Release|Any CPU
		Release|ARM = Release|ARM
		Release|Mixed Platforms = Release|Mixed Platforms
		Release|Win32 = Release|Win32
		Release|x64 = Release|x64
		Release|x86 = Release|x86
	EndGlobalSection
	GlobalSection(ProjectConfigurationPlatforms) = postSolution
		{7C201E29-2FF7-4EE2-BF7C-18A8CBF128AB}.Debug|Any CPU.ActiveCfg = Debug|Any CPU
		{7C201E29-2FF7-4EE2-BF7C-18A8CBF128AB}.Debug|Any CPU.Build.0 = Debug|Any CPU
		{7C201E29-2FF7-4EE2-BF7C-18A8CBF128AB}.Debug|ARM.ActiveCfg = Debug|Any CPU
		{7C201E29-2FF7-4EE2-BF7C-18A8CBF128AB}.Debug|Mixed Platforms.ActiveCfg = Debug|Any CPU
		{7C201E29-2FF7-4EE2-BF7C-18A8CBF128AB}.Debug|Mixed Platforms.Build.0 = Debug|Any CPU
		{7C201E29-2FF7-4EE2-BF7C-18A8CBF128AB}.Debug|Win32.ActiveCfg = Debug|Any CPU
		{7C201E29-2FF7-4EE2-BF7C-18A8CBF128AB}.Debug|x64.ActiveCfg = Debug|Any CPU
		{7C201E29-2FF7-4EE2-BF7C-18A8CBF128AB}.Debug|x86.ActiveCfg = Debug|Any CPU
		{7C201E29-2FF7-4EE2-BF7C-18A8CBF128AB}.Release|Any CPU.ActiveCfg = Release|Any CPU
		{7C201E29-2FF7-4EE2-BF7C-18A8CBF128AB}.Release|Any CPU.Build.0 = Release|Any CPU
		{7C201E29-2FF7-4EE2-BF7C-18A8CBF128AB}.Release|ARM.ActiveCfg = Release|Any CPU
		{7C201E29-2FF7-4EE2-BF7C-18A8CBF128AB}.Release|Mixed Platforms.ActiveCfg = Release|Any CPU
		{7C201E29-2FF7-4EE2-BF7C-18A8CBF128AB}.Release|Mixed Platforms.Build.0 = Release|Any CPU
		{7C201E29-2FF7-4EE2-BF7C-18A8CBF128AB}.Release|Win32.ActiveCfg = Release|Any CPU
		{7C201E29-2FF7-4EE2-BF7C-18A8CBF128AB}.Release|x64.ActiveCfg = Release|Any CPU
		{7C201E29-2FF7-4EE2-BF7C-18A8CBF128AB}.Release|x86.ActiveCfg = Release|Any CPU
		{2314F848-8D7D-4F50-8EFA-241A231AD253}.Debug|Any CPU.ActiveCfg = Debug|Any CPU
		{2314F848-8D7D-4F50-8EFA-241A231AD253}.Debug|Any CPU.Build.0 = Debug|Any CPU
		{2314F848-8D7D-4F50-8EFA-241A231AD253}.Debug|ARM.ActiveCfg = Debug|Any CPU
		{2314F848-8D7D-4F50-8EFA-241A231AD253}.Debug|Mixed Platforms.ActiveCfg = Debug|Any CPU
		{2314F848-8D7D-4F50-8EFA-241A231AD253}.Debug|Mixed Platforms.Build.0 = Debug|Any CPU
		{2314F848-8D7D-4F50-8EFA-241A231AD253}.Debug|Win32.ActiveCfg = Debug|Any CPU
		{2314F848-8D7D-4F50-8EFA-241A231AD253}.Debug|x64.ActiveCfg = Debug|Any CPU
		{2314F848-8D7D-4F50-8EFA-241A231AD253}.Debug|x86.ActiveCfg = Debug|Any CPU
		{2314F848-8D7D-4F50-8EFA-241A231AD253}.Release|Any CPU.ActiveCfg = Release|Any CPU
		{2314F848-8D7D-4F50-8EFA-241A231AD253}.Release|Any CPU.Build.0 = Release|Any CPU
		{2314F848-8D7D-4F50-8EFA-241A231AD253}.Release|ARM.ActiveCfg = Release|Any CPU
		{2314F848-8D7D-4F50-8EFA-241A231AD253}.Release|Mixed Platforms.ActiveCfg = Release|Any CPU
		{2314F848-8D7D-4F50-8EFA-241A231AD253}.Release|Mixed Platforms.Build.0 = Release|Any CPU
		{2314F848-8D7D-4F50-8EFA-241A231AD253}.Release|Win32.ActiveCfg = Release|Any CPU
		{2314F848-8D7D-4F50-8EFA-241A231AD253}.Release|x64.ActiveCfg = Release|Any CPU
		{2314F848-8D7D-4F50-8EFA-241A231AD253}.Release|x86.ActiveCfg = Release|Any CPU
	EndGlobalSection
	GlobalSection(SolutionProperties) = preSolution
		HideSolutionNode = FALSE
	EndGlobalSection
EndGlobal
